
Microsoft Visual Studio Solution File, Format Version 10.00
# Visual Studio 2008
Project("{8BC9CEB8-8B4A-11D0-8D11-00A0C91BC942}") = "AutoSDK", "AutoSDK\AutoSDK.vcproj", "{4757D234-B850-4133-9938-BDAC218EC3B1}"
EndProject
Project("{8BC9CEB8-8B4A-11D0-8D11-00A0C91BC942}") = "AutoDec", "AutoDec\AutoDec.vcproj", "{54089C34-ADD1-4154-978C-5099A042083E}"
	ProjectSection(ProjectDependencies) = postProject
		{4757D234-B850-4133-9938-BDAC218EC3B1} = {4757D234-B850-4133-9938-BDAC218EC3B1}
	EndProjectSection
EndProject
Global
	GlobalSection(SolutionConfigurationPlatforms) = preSolution
		Debug|Win32 = Debug|Win32
		Release_Demo|Win32 = Release_Demo|Win32
		Release|Win32 = Release|Win32
	EndGlobalSection
	GlobalSection(ProjectConfigurationPlatforms) = postSolution
		{4757D234-B850-4133-9938-BDAC218EC3B1}.Debug|Win32.ActiveCfg = Debug|Win32
		{4757D234-B850-4133-9938-BDAC218EC3B1}.Debug|Win32.Build.0 = Debug|Win32
		{4757D234-B850-4133-9938-BDAC218EC3B1}.Release_Demo|Win32.ActiveCfg = Release_Demo|Win32
		{4757D234-B850-4133-9938-BDAC218EC3B1}.Release_Demo|Win32.Build.0 = Release_Demo|Win32
		{4757D234-B850-4133-9938-BDAC218EC3B1}.Release|Win32.ActiveCfg = Release|Win32
		{4757D234-B850-4133-9938-BDAC218EC3B1}.Release|Win32.Build.0 = Release|Win32
		{54089C34-ADD1-4154-978C-5099A042083E}.Debug|Win32.ActiveCfg = Debug|Win32
		{54089C34-ADD1-4154-978C-5099A042083E}.Debug|Win32.Build.0 = Debug|Win32
		{54089C34-ADD1-4154-978C-5099A042083E}.Release_Demo|Win32.ActiveCfg = Release_Demo|Win32
		{54089C34-ADD1-4154-978C-5099A042083E}.Release_Demo|Win32.Build.0 = Release_Demo|Win32
		{54089C34-ADD1-4154-978C-5099A042083E}.Release|Win32.ActiveCfg = Release|Win32
		{54089C34-ADD1-4154-978C-5099A042083E}.Release|Win32.Build.0 = Release|Win32
	EndGlobalSection
	GlobalSection(SolutionProperties) = preSolution
		HideSolutionNode = FALSE
	EndGlobalSection
EndGlobal
